
Microsoft Visual Studio Solution File, Format Version 12.00
# Visual Studio Version 17
VisualStudioVersion = 17.2.32505.173
MinimumVisualStudioVersion = 10.0.40219.1
Project("{2150E333-8FDC-42A3-9474-1A3956D46DE8}") = "lab 1", "lab 1", "{9B1B06C5-EF08-4C71-B57A-287FE5D9EBB8}"
EndProject
Project("{2150E333-8FDC-42A3-9474-1A3956D46DE8}") = "Model", "Model", "{5D582E8E-EAC6-40B5-8E44-08A49CCFEA98}"
EndProject
Project("{2150E333-8FDC-42A3-9474-1A3956D46DE8}") = "View", "View", "{DC6585B3-86CC-4FF2-BB8E-1B5DB504537A}"
EndProject
Project("{9A19103F-16F7-4668-BE54-9A1E7A4F7556}") = "YearModel", "lab 1\YearModel\YearModel.csproj", "{D5C53546-9DA2-49B4-990F-AA12E5A247C8}"
EndProject
Project("{9A19103F-16F7-4668-BE54-9A1E7A4F7556}") = "YearForm", "lab 1\YearForm\YearForm.csproj", "{94C797A6-EF74-4B29-A70F-666ECFFE4DC1}"
EndProject
Project("{2150E333-8FDC-42A3-9474-1A3956D46DE8}") = "lab 2", "lab 2", "{58C14EBB-960C-4F2A-AF7E-4DD5CF931D51}"
EndProject
Project("{2150E333-8FDC-42A3-9474-1A3956D46DE8}") = "Model", "Model", "{7A8D3267-2F63-440A-B886-1A4E55128ED6}"
EndProject
Project("{2150E333-8FDC-42A3-9474-1A3956D46DE8}") = "View", "View", "{6A713A06-0E38-4EA1-9429-9128FD798517}"
EndProject
Project("{9A19103F-16F7-4668-BE54-9A1E7A4F7556}") = "CarModel", "lab 2\CarModel\CarModel.csproj", "{9DDDECEA-F965-4460-A956-8713EE4EB1A2}"
EndProject
Project("{9A19103F-16F7-4668-BE54-9A1E7A4F7556}") = "CarForm", "lab 2\CarForm\CarForm.csproj", "{43416D7C-8413-4DE2-B519-1FF00BE2662A}"
EndProject
Project("{2150E333-8FDC-42A3-9474-1A3956D46DE8}") = "lab 3", "lab 3", "{841A3E73-CF54-4E1A-B60B-46DB6D902DEF}"
EndProject
Project("{2150E333-8FDC-42A3-9474-1A3956D46DE8}") = "Model", "Model", "{AB3F4727-0AA5-4E39-BB60-ABA6C9A5CF83}"
EndProject
Project("{2150E333-8FDC-42A3-9474-1A3956D46DE8}") = "View", "View", "{88D818A7-89BB-4F52-AFC8-BB0E3FEFBD3F}"
EndProject
Project("{9A19103F-16F7-4668-BE54-9A1E7A4F7556}") = "PaperModel", "lab 3\PaperModel\PaperModel.csproj", "{E008AB03-9BA2-46D6-BD8B-7C1A373E0969}"
EndProject
Project("{9A19103F-16F7-4668-BE54-9A1E7A4F7556}") = "PaperForm", "lab 3\PaperForm\PaperForm.csproj", "{DB6D0533-3D18-4014-86D4-2AFC26760985}"
EndProject
Project("{2150E333-8FDC-42A3-9474-1A3956D46DE8}") = "Shared", "Shared", "{97322742-4BFF-4E1B-A6C9-9EA85DA86B38}"
EndProject
Project("{9A19103F-16F7-4668-BE54-9A1E7A4F7556}") = "SharedForm", "Shared\SharedForm\SharedForm.csproj", "{912B3F49-C050-40F4-A66A-5F329D67BF8E}"
EndProject
Project("{2150E333-8FDC-42A3-9474-1A3956D46DE8}") = "lab 4", "lab 4", "{B7B177CA-108B-4C69-B28E-C4930401F8D3}"
EndProject
Project("{2150E333-8FDC-42A3-9474-1A3956D46DE8}") = "Model", "Model", "{53125068-E99F-4868-B420-DABE40D71963}"
EndProject
Project("{2150E333-8FDC-42A3-9474-1A3956D46DE8}") = "View", "View", "{A8E7CBC7-D5B2-4130-8063-4E5892D72F9A}"
EndProject
Project("{9A19103F-16F7-4668-BE54-9A1E7A4F7556}") = "PaperModel", "lab 4\PaperModel\PaperModel.csproj", "{660620DF-A3A3-4AED-8997-AE0C1169C4E0}"
EndProject
Project("{9A19103F-16F7-4668-BE54-9A1E7A4F7556}") = "PaperReflexForm", "lab 4\PaperReflexForm\PaperReflexForm.csproj", "{19390C06-8551-4D19-8454-921807B59B0E}"
EndProject
Project("{2150E333-8FDC-42A3-9474-1A3956D46DE8}") = "lab 5", "lab 5", "{5F24CAE2-22C3-497C-AC91-24ACD5DFCEE8}"
EndProject
Project("{2150E333-8FDC-42A3-9474-1A3956D46DE8}") = "Model", "Model", "{BE42F608-B8B9-441A-9D4F-699871967DBB}"
EndProject
Project("{2150E333-8FDC-42A3-9474-1A3956D46DE8}") = "View", "View", "{8DAFC45F-35A9-41E1-ACF8-0D2DD39F2BEF}"
EndProject
Project("{9A19103F-16F7-4668-BE54-9A1E7A4F7556}") = "RocetModel", "lab 5\Models\RocetModel\RocetModel.csproj", "{70A4E305-D175-45A9-943B-ED08A74C6B17}"
EndProject
Project("{9A19103F-16F7-4668-BE54-9A1E7A4F7556}") = "RocetView", "lab 5\View\RocetView\RocetView.csproj", "{E7D276D1-164B-4E6C-A520-3764F7ED2565}"
EndProject
Global
	GlobalSection(SolutionConfigurationPlatforms) = preSolution
		Debug|Any CPU = Debug|Any CPU
		Release|Any CPU = Release|Any CPU
	EndGlobalSection
	GlobalSection(ProjectConfigurationPlatforms) = postSolution
		{D5C53546-9DA2-49B4-990F-AA12E5A247C8}.Debug|Any CPU.ActiveCfg = Debug|Any CPU
		{D5C53546-9DA2-49B4-990F-AA12E5A247C8}.Debug|Any CPU.Build.0 = Debug|Any CPU
		{D5C53546-9DA2-49B4-990F-AA12E5A247C8}.Release|Any CPU.ActiveCfg = Release|Any CPU
		{D5C53546-9DA2-49B4-990F-AA12E5A247C8}.Release|Any CPU.Build.0 = Release|Any CPU
		{94C797A6-EF74-4B29-A70F-666ECFFE4DC1}.Debug|Any CPU.ActiveCfg = Debug|Any CPU
		{94C797A6-EF74-4B29-A70F-666ECFFE4DC1}.Debug|Any CPU.Build.0 = Debug|Any CPU
		{94C797A6-EF74-4B29-A70F-666ECFFE4DC1}.Release|Any CPU.ActiveCfg = Release|Any CPU
		{94C797A6-EF74-4B29-A70F-666ECFFE4DC1}.Release|Any CPU.Build.0 = Release|Any CPU
		{9DDDECEA-F965-4460-A956-8713EE4EB1A2}.Debug|Any CPU.ActiveCfg = Debug|Any CPU
		{9DDDECEA-F965-4460-A956-8713EE4EB1A2}.Debug|Any CPU.Build.0 = Debug|Any CPU
		{9DDDECEA-F965-4460-A956-8713EE4EB1A2}.Release|Any CPU.ActiveCfg = Release|Any CPU
		{9DDDECEA-F965-4460-A956-8713EE4EB1A2}.Release|Any CPU.Build.0 = Release|Any CPU
		{43416D7C-8413-4DE2-B519-1FF00BE2662A}.Debug|Any CPU.ActiveCfg = Debug|Any CPU
		{43416D7C-8413-4DE2-B519-1FF00BE2662A}.Debug|Any CPU.Build.0 = Debug|Any CPU
		{43416D7C-8413-4DE2-B519-1FF00BE2662A}.Release|Any CPU.ActiveCfg = Release|Any CPU
		{43416D7C-8413-4DE2-B519-1FF00BE2662A}.Release|Any CPU.Build.0 = Release|Any CPU
		{E008AB03-9BA2-46D6-BD8B-7C1A373E0969}.Debug|Any CPU.ActiveCfg = Debug|Any CPU
		{E008AB03-9BA2-46D6-BD8B-7C1A373E0969}.Debug|Any CPU.Build.0 = Debug|Any CPU
		{E008AB03-9BA2-46D6-BD8B-7C1A373E0969}.Release|Any CPU.ActiveCfg = Release|Any CPU
		{E008AB03-9BA2-46D6-BD8B-7C1A373E0969}.Release|Any CPU.Build.0 = Release|Any CPU
		{DB6D0533-3D18-4014-86D4-2AFC26760985}.Debug|Any CPU.ActiveCfg = Debug|Any CPU
		{DB6D0533-3D18-4014-86D4-2AFC26760985}.Debug|Any CPU.Build.0 = Debug|Any CPU
		{DB6D0533-3D18-4014-86D4-2AFC26760985}.Release|Any CPU.ActiveCfg = Release|Any CPU
		{DB6D0533-3D18-4014-86D4-2AFC26760985}.Release|Any CPU.Build.0 = Release|Any CPU
		{912B3F49-C050-40F4-A66A-5F329D67BF8E}.Debug|Any CPU.ActiveCfg = Debug|Any CPU
		{912B3F49-C050-40F4-A66A-5F329D67BF8E}.Debug|Any CPU.Build.0 = Debug|Any CPU
		{912B3F49-C050-40F4-A66A-5F329D67BF8E}.Release|Any CPU.ActiveCfg = Release|Any CPU
		{912B3F49-C050-40F4-A66A-5F329D67BF8E}.Release|Any CPU.Build.0 = Release|Any CPU
		{660620DF-A3A3-4AED-8997-AE0C1169C4E0}.Debug|Any CPU.ActiveCfg = Debug|Any CPU
		{660620DF-A3A3-4AED-8997-AE0C1169C4E0}.Debug|Any CPU.Build.0 = Debug|Any CPU
		{660620DF-A3A3-4AED-8997-AE0C1169C4E0}.Release|Any CPU.ActiveCfg = Release|Any CPU
		{660620DF-A3A3-4AED-8997-AE0C1169C4E0}.Release|Any CPU.Build.0 = Release|Any CPU
		{19390C06-8551-4D19-8454-921807B59B0E}.Debug|Any CPU.ActiveCfg = Debug|Any CPU
		{19390C06-8551-4D19-8454-921807B59B0E}.Debug|Any CPU.Build.0 = Debug|Any CPU
		{19390C06-8551-4D19-8454-921807B59B0E}.Release|Any CPU.ActiveCfg = Release|Any CPU
		{19390C06-8551-4D19-8454-921807B59B0E}.Release|Any CPU.Build.0 = Release|Any CPU
		{70A4E305-D175-45A9-943B-ED08A74C6B17}.Debug|Any CPU.ActiveCfg = Debug|Any CPU
		{70A4E305-D175-45A9-943B-ED08A74C6B17}.Debug|Any CPU.Build.0 = Debug|Any CPU
		{70A4E305-D175-45A9-943B-ED08A74C6B17}.Release|Any CPU.ActiveCfg = Release|Any CPU
		{70A4E305-D175-45A9-943B-ED08A74C6B17}.Release|Any CPU.Build.0 = Release|Any CPU
		{E7D276D1-164B-4E6C-A520-3764F7ED2565}.Debug|Any CPU.ActiveCfg = Debug|Any CPU
		{E7D276D1-164B-4E6C-A520-3764F7ED2565}.Debug|Any CPU.Build.0 = Debug|Any CPU
		{E7D276D1-164B-4E6C-A520-3764F7ED2565}.Release|Any CPU.ActiveCfg = Release|Any CPU
		{E7D276D1-164B-4E6C-A520-3764F7ED2565}.Release|Any CPU.Build.0 = Release|Any CPU
	EndGlobalSection
	GlobalSection(SolutionProperties) = preSolution
		HideSolutionNode = FALSE
	EndGlobalSection
	GlobalSection(NestedProjects) = preSolution
		{5D582E8E-EAC6-40B5-8E44-08A49CCFEA98} = {9B1B06C5-EF08-4C71-B57A-287FE5D9EBB8}
		{DC6585B3-86CC-4FF2-BB8E-1B5DB504537A} = {9B1B06C5-EF08-4C71-B57A-287FE5D9EBB8}
		{D5C53546-9DA2-49B4-990F-AA12E5A247C8} = {5D582E8E-EAC6-40B5-8E44-08A49CCFEA98}
		{94C797A6-EF74-4B29-A70F-666ECFFE4DC1} = {DC6585B3-86CC-4FF2-BB8E-1B5DB504537A}
		{7A8D3267-2F63-440A-B886-1A4E55128ED6} = {58C14EBB-960C-4F2A-AF7E-4DD5CF931D51}
		{6A713A06-0E38-4EA1-9429-9128FD798517} = {58C14EBB-960C-4F2A-AF7E-4DD5CF931D51}
		{9DDDECEA-F965-4460-A956-8713EE4EB1A2} = {7A8D3267-2F63-440A-B886-1A4E55128ED6}
		{43416D7C-8413-4DE2-B519-1FF00BE2662A} = {6A713A06-0E38-4EA1-9429-9128FD798517}
		{AB3F4727-0AA5-4E39-BB60-ABA6C9A5CF83} = {841A3E73-CF54-4E1A-B60B-46DB6D902DEF}
		{88D818A7-89BB-4F52-AFC8-BB0E3FEFBD3F} = {841A3E73-CF54-4E1A-B60B-46DB6D902DEF}
		{E008AB03-9BA2-46D6-BD8B-7C1A373E0969} = {AB3F4727-0AA5-4E39-BB60-ABA6C9A5CF83}
		{DB6D0533-3D18-4014-86D4-2AFC26760985} = {88D818A7-89BB-4F52-AFC8-BB0E3FEFBD3F}
		{912B3F49-C050-40F4-A66A-5F329D67BF8E} = {97322742-4BFF-4E1B-A6C9-9EA85DA86B38}
		{53125068-E99F-4868-B420-DABE40D71963} = {B7B177CA-108B-4C69-B28E-C4930401F8D3}
		{A8E7CBC7-D5B2-4130-8063-4E5892D72F9A} = {B7B177CA-108B-4C69-B28E-C4930401F8D3}
		{660620DF-A3A3-4AED-8997-AE0C1169C4E0} = {53125068-E99F-4868-B420-DABE40D71963}
		{19390C06-8551-4D19-8454-921807B59B0E} = {A8E7CBC7-D5B2-4130-8063-4E5892D72F9A}
		{BE42F608-B8B9-441A-9D4F-699871967DBB} = {5F24CAE2-22C3-497C-AC91-24ACD5DFCEE8}
		{8DAFC45F-35A9-41E1-ACF8-0D2DD39F2BEF} = {5F24CAE2-22C3-497C-AC91-24ACD5DFCEE8}
		{70A4E305-D175-45A9-943B-ED08A74C6B17} = {BE42F608-B8B9-441A-9D4F-699871967DBB}
		{E7D276D1-164B-4E6C-A520-3764F7ED2565} = {8DAFC45F-35A9-41E1-ACF8-0D2DD39F2BEF}
	EndGlobalSection
	GlobalSection(ExtensibilityGlobals) = postSolution
		SolutionGuid = {4C28EAD1-046B-473F-8B17-23F9D8BD5682}
	EndGlobalSection
EndGlobal
